// !$*UTF8*$!
{
	archiveVersion = 1;
	classes = {
	};
	objectVersion = 48;
	objects = {

/* Begin PBXBuildFile section */
		D2485422201D792C00DFDB70 /* AppDelegate.swift in Sources */ = {isa = PBXBuildFile; fileRef = D2485421201D792C00DFDB70 /* AppDelegate.swift */; };
		D2485424201D792C00DFDB70 /* ViewController.swift in Sources */ = {isa = PBXBuildFile; fileRef = D2485423201D792C00DFDB70 /* ViewController.swift */; };
		D2485427201D792C00DFDB70 /* Main.storyboard in Resources */ = {isa = PBXBuildFile; fileRef = D2485425201D792C00DFDB70 /* Main.storyboard */; };
		D2485429201D792C00DFDB70 /* Assets.xcassets in Resources */ = {isa = PBXBuildFile; fileRef = D2485428201D792C00DFDB70 /* Assets.xcassets */; };
		D248542C201D792C00DFDB70 /* LaunchScreen.storyboard in Resources */ = {isa = PBXBuildFile; fileRef = D248542A201D792C00DFDB70 /* LaunchScreen.storyboard */; };
		D2485437201D792C00DFDB70 /* yowassupTests.swift in Sources */ = {isa = PBXBuildFile; fileRef = D2485436201D792C00DFDB70 /* yowassupTests.swift */; };
		D2485442201D792C00DFDB70 /* yowassupUITests.swift in Sources */ = {isa = PBXBuildFile; fileRef = D2485441201D792C00DFDB70 /* yowassupUITests.swift */; };
		D2C1373C2022A7B800FF84A4 /* greetingPList.plist in Resources */ = {isa = PBXBuildFile; fileRef = D2C1373B2022A7B800FF84A4 /* greetingPList.plist */; };
		D2C1377A2022CF3500FF84A4 /* GreetingListViewController.swift in Sources */ = {isa = PBXBuildFile; fileRef = D2C137792022CF3500FF84A4 /* GreetingListViewController.swift */; };
		D2C1377C2022F30200FF84A4 /* GreetingModel.swift in Sources */ = {isa = PBXBuildFile; fileRef = D2C1377B2022F30200FF84A4 /* GreetingModel.swift */; };
		D2C1377E2022F3D900FF84A4 /* MyTabBarController.swift in Sources */ = {isa = PBXBuildFile; fileRef = D2C1377D2022F3D900FF84A4 /* MyTabBarController.swift */; };
/* End PBXBuildFile section */

/* Begin PBXContainerItemProxy section */
		D2485433201D792C00DFDB70 /* PBXContainerItemProxy */ = {
			isa = PBXContainerItemProxy;
			containerPortal = D2485416201D792C00DFDB70 /* Project object */;
			proxyType = 1;
			remoteGlobalIDString = D248541D201D792C00DFDB70;
			remoteInfo = yowassup;
		};
		D248543E201D792C00DFDB70 /* PBXContainerItemProxy */ = {
			isa = PBXContainerItemProxy;
			containerPortal = D2485416201D792C00DFDB70 /* Project object */;
			proxyType = 1;
			remoteGlobalIDString = D248541D201D792C00DFDB70;
			remoteInfo = yowassup;
		};
/* End PBXContainerItemProxy section */

/* Begin PBXFileReference section */
		D248541E201D792C00DFDB70 /* yowassup.app */ = {isa = PBXFileReference; explicitFileType = wrapper.application; includeInIndex = 0; path = yowassup.app; sourceTree = BUILT_PRODUCTS_DIR; };
		D2485421201D792C00DFDB70 /* AppDelegate.swift */ = {isa = PBXFileReference; lastKnownFileType = sourcecode.swift; path = AppDelegate.swift; sourceTree = "<group>"; };
		D2485423201D792C00DFDB70 /* ViewController.swift */ = {isa = PBXFileReference; lastKnownFileType = sourcecode.swift; path = ViewController.swift; sourceTree = "<group>"; };
		D2485426201D792C00DFDB70 /* Base */ = {isa = PBXFileReference; lastKnownFileType = file.storyboard; name = Base; path = Base.lproj/Main.storyboard; sourceTree = "<group>"; };
		D2485428201D792C00DFDB70 /* Assets.xcassets */ = {isa = PBXFileReference; lastKnownFileType = folder.assetcatalog; path = Assets.xcassets; sourceTree = "<group>"; };
		D248542B201D792C00DFDB70 /* Base */ = {isa = PBXFileReference; lastKnownFileType = file.storyboard; name = Base; path = Base.lproj/LaunchScreen.storyboard; sourceTree = "<group>"; };
		D248542D201D792C00DFDB70 /* Info.plist */ = {isa = PBXFileReference; lastKnownFileType = text.plist.xml; path = Info.plist; sourceTree = "<group>"; };
		D2485432201D792C00DFDB70 /* yowassupTests.xctest */ = {isa = PBXFileReference; explicitFileType = wrapper.cfbundle; includeInIndex = 0; path = yowassupTests.xctest; sourceTree = BUILT_PRODUCTS_DIR; };
		D2485436201D792C00DFDB70 /* yowassupTests.swift */ = {isa = PBXFileReference; lastKnownFileType = sourcecode.swift; path = yowassupTests.swift; sourceTree = "<group>"; };
		D2485438201D792C00DFDB70 /* Info.plist */ = {isa = PBXFileReference; lastKnownFileType = text.plist.xml; path = Info.plist; sourceTree = "<group>"; };
		D248543D201D792C00DFDB70 /* yowassupUITests.xctest */ = {isa = PBXFileReference; explicitFileType = wrapper.cfbundle; includeInIndex = 0; path = yowassupUITests.xctest; sourceTree = BUILT_PRODUCTS_DIR; };
		D2485441201D792C00DFDB70 /* yowassupUITests.swift */ = {isa = PBXFileReference; lastKnownFileType = sourcecode.swift; path = yowassupUITests.swift; sourceTree = "<group>"; };
		D2485443201D792C00DFDB70 /* Info.plist */ = {isa = PBXFileReference; lastKnownFileType = text.plist.xml; path = Info.plist; sourceTree = "<group>"; };
		D2C1373B2022A7B800FF84A4 /* greetingPList.plist */ = {isa = PBXFileReference; lastKnownFileType = text.plist.xml; path = greetingPList.plist; sourceTree = "<group>"; };
		D2C137792022CF3500FF84A4 /* GreetingListViewController.swift */ = {isa = PBXFileReference; lastKnownFileType = sourcecode.swift; path = GreetingListViewController.swift; sourceTree = "<group>"; };
		D2C1377B2022F30200FF84A4 /* GreetingModel.swift */ = {isa = PBXFileReference; lastKnownFileType = sourcecode.swift; path = GreetingModel.swift; sourceTree = "<group>"; };
		D2C1377D2022F3D900FF84A4 /* MyTabBarController.swift */ = {isa = PBXFileReference; lastKnownFileType = sourcecode.swift; path = MyTabBarController.swift; sourceTree = "<group>"; };
/* End PBXFileReference section */

/* Begin PBXFrameworksBuildPhase section */
		D248541B201D792C00DFDB70 /* Frameworks */ = {
			isa = PBXFrameworksBuildPhase;
			buildActionMask = 2147483647;
			files = (
			);
			runOnlyForDeploymentPostprocessing = 0;
		};
		D248542F201D792C00DFDB70 /* Frameworks */ = {
			isa = PBXFrameworksBuildPhase;
			buildActionMask = 2147483647;
			files = (
			);
			runOnlyForDeploymentPostprocessing = 0;
		};
		D248543A201D792C00DFDB70 /* Frameworks */ = {
			isa = PBXFrameworksBuildPhase;
			buildActionMask = 2147483647;
			files = (
			);
			runOnlyForDeploymentPostprocessing = 0;
		};
/* End PBXFrameworksBuildPhase section */

/* Begin PBXGroup section */
		D2485415201D792C00DFDB70 = {
			isa = PBXGroup;
			children = (
				D2485420201D792C00DFDB70 /* yowassup */,
				D2485435201D792C00DFDB70 /* yowassupTests */,
				D2485440201D792C00DFDB70 /* yowassupUITests */,
				D248541F201D792C00DFDB70 /* Products */,
			);
			sourceTree = "<group>";
		};
		D248541F201D792C00DFDB70 /* Products */ = {
			isa = PBXGroup;
			children = (
				D248541E201D792C00DFDB70 /* yowassup.app */,
				D2485432201D792C00DFDB70 /* yowassupTests.xctest */,
				D248543D201D792C00DFDB70 /* yowassupUITests.xctest */,
			);
			name = Products;
			sourceTree = "<group>";
		};
		D2485420201D792C00DFDB70 /* yowassup */ = {
			isa = PBXGroup;
			children = (
				D2485421201D792C00DFDB70 /* AppDelegate.swift */,
				D2485423201D792C00DFDB70 /* ViewController.swift */,
				D2485425201D792C00DFDB70 /* Main.storyboard */,
				D2485428201D792C00DFDB70 /* Assets.xcassets */,
				D248542A201D792C00DFDB70 /* LaunchScreen.storyboard */,
				D248542D201D792C00DFDB70 /* Info.plist */,
				D2C1373B2022A7B800FF84A4 /* greetingPList.plist */,
				D2C137792022CF3500FF84A4 /* GreetingListViewController.swift */,
				D2C1377B2022F30200FF84A4 /* GreetingModel.swift */,
				D2C1377D2022F3D900FF84A4 /* MyTabBarController.swift */,
			);
			path = yowassup;
			sourceTree = "<group>";
		};
		D2485435201D792C00DFDB70 /* yowassupTests */ = {
			isa = PBXGroup;
			children = (
				D2485436201D792C00DFDB70 /* yowassupTests.swift */,
				D2485438201D792C00DFDB70 /* Info.plist */,
			);
			path = yowassupTests;
			sourceTree = "<group>";
		};
		D2485440201D792C00DFDB70 /* yowassupUITests */ = {
			isa = PBXGroup;
			children = (
				D2485441201D792C00DFDB70 /* yowassupUITests.swift */,
				D2485443201D792C00DFDB70 /* Info.plist */,
			);
			path = yowassupUITests;
			sourceTree = "<group>";
		};
/* End PBXGroup section */

/* Begin PBXNativeTarget section */
		D248541D201D792C00DFDB70 /* yowassup */ = {
			isa = PBXNativeTarget;
			buildConfigurationList = D2485446201D792C00DFDB70 /* Build configuration list for PBXNativeTarget "yowassup" */;
			buildPhases = (
				D248541A201D792C00DFDB70 /* Sources */,
				D248541B201D792C00DFDB70 /* Frameworks */,
				D248541C201D792C00DFDB70 /* Resources */,
			);
			buildRules = (
			);
			dependencies = (
			);
			name = yowassup;
			productName = yowassup;
			productReference = D248541E201D792C00DFDB70 /* yowassup.app */;
			productType = "com.apple.product-type.application";
		};
		D2485431201D792C00DFDB70 /* yowassupTests */ = {
			isa = PBXNativeTarget;
			buildConfigurationList = D2485449201D792C00DFDB70 /* Build configuration list for PBXNativeTarget "yowassupTests" */;
			buildPhases = (
				D248542E201D792C00DFDB70 /* Sources */,
				D248542F201D792C00DFDB70 /* Frameworks */,
				D2485430201D792C00DFDB70 /* Resources */,
			);
			buildRules = (
			);
			dependencies = (
				D2485434201D792C00DFDB70 /* PBXTargetDependency */,
			);
			name = yowassupTests;
			productName = yowassupTests;
			productReference = D2485432201D792C00DFDB70 /* yowassupTests.xctest */;
			productType = "com.apple.product-type.bundle.unit-test";
		};
		D248543C201D792C00DFDB70 /* yowassupUITests */ = {
			isa = PBXNativeTarget;
			buildConfigurationList = D248544C201D792C00DFDB70 /* Build configuration list for PBXNativeTarget "yowassupUITests" */;
			buildPhases = (
				D2485439201D792C00DFDB70 /* Sources */,
				D248543A201D792C00DFDB70 /* Frameworks */,
				D248543B201D792C00DFDB70 /* Resources */,
			);
			buildRules = (
			);
			dependencies = (
				D248543F201D792C00DFDB70 /* PBXTargetDependency */,
			);
			name = yowassupUITests;
			productName = yowassupUITests;
			productReference = D248543D201D792C00DFDB70 /* yowassupUITests.xctest */;
			productType = "com.apple.product-type.bundle.ui-testing";
		};
/* End PBXNativeTarget section */

/* Begin PBXProject section */
		D2485416201D792C00DFDB70 /* Project object */ = {
			isa = PBXProject;
			attributes = {
				LastSwiftUpdateCheck = 0920;
				LastUpgradeCheck = 0920;
				ORGANIZATIONNAME = "Matt Corrente";
				TargetAttributes = {
					D248541D201D792C00DFDB70 = {
						CreatedOnToolsVersion = 9.2;
						ProvisioningStyle = Automatic;
					};
					D2485431201D792C00DFDB70 = {
						CreatedOnToolsVersion = 9.2;
						ProvisioningStyle = Automatic;
						TestTargetID = D248541D201D792C00DFDB70;
					};
					D248543C201D792C00DFDB70 = {
						CreatedOnToolsVersion = 9.2;
						ProvisioningStyle = Automatic;
						TestTargetID = D248541D201D792C00DFDB70;
					};
				};
			};
			buildConfigurationList = D2485419201D792C00DFDB70 /* Build configuration list for PBXProject "yowassup" */;
			compatibilityVersion = "Xcode 8.0";
			developmentRegion = en;
			hasScannedForEncodings = 0;
			knownRegions = (
				en,
				Base,
			);
			mainGroup = D2485415201D792C00DFDB70;
			productRefGroup = D248541F201D792C00DFDB70 /* Products */;
			projectDirPath = "";
			projectRoot = "";
			targets = (
				D248541D201D792C00DFDB70 /* yowassup */,
				D2485431201D792C00DFDB70 /* yowassupTests */,
				D248543C201D792C00DFDB70 /* yowassupUITests */,
			);
		};
/* End PBXProject section */

/* Begin PBXResourcesBuildPhase section */
		D248541C201D792C00DFDB70 /* Resources */ = {
			isa = PBXResourcesBuildPhase;
			buildActionMask = 2147483647;
			files = (
				D248542C201D792C00DFDB70 /* LaunchScreen.storyboard in Resources */,
				D2485429201D792C00DFDB70 /* Assets.xcassets in Resources */,
				D2C1373C2022A7B800FF84A4 /* greetingPList.plist in Resources */,
				D2485427201D792C00DFDB70 /* Main.storyboard in Resources */,
			);
			runOnlyForDeploymentPostprocessing = 0;
		};
		D2485430201D792C00DFDB70 /* Resources */ = {
			isa = PBXResourcesBuildPhase;
			buildActionMask = 2147483647;
			files = (
			);
			runOnlyForDeploymentPostprocessing = 0;
		};
		D248543B201D792C00DFDB70 /* Resources */ = {
			isa = PBXResourcesBuildPhase;
			buildActionMask = 2147483647;
			files = (
			);
			runOnlyForDeploymentPostprocessing = 0;
		};
/* End PBXResourcesBuildPhase section */

/* Begin PBXSourcesBuildPhase section */
		D248541A201D792C00DFDB70 /* Sources */ = {
			isa = PBXSourcesBuildPhase;
			buildActionMask = 2147483647;
			files = (
				D2C1377C2022F30200FF84A4 /* GreetingModel.swift in Sources */,
				D2485424201D792C00DFDB70 /* ViewController.swift in Sources */,
				D2485422201D792C00DFDB70 /* AppDelegate.swift in Sources */,
				D2C1377E2022F3D900FF84A4 /* MyTabBarController.swift in Sources */,
				D2C1377A2022CF3500FF84A4 /* GreetingListViewController.swift in Sources */,
			);
			runOnlyForDeploymentPostprocessing = 0;
		};
		D248542E201D792C00DFDB70 /* Sources */ = {
			isa = PBXSourcesBuildPhase;
			buildActionMask = 2147483647;
			files = (
				D2485437201D792C00DFDB70 /* yowassupTests.swift in Sources */,
			);
			runOnlyForDeploymentPostprocessing = 0;
		};
		D2485439201D792C00DFDB70 /* Sources */ = {
			isa = PBXSourcesBuildPhase;
			buildActionMask = 2147483647;
			files = (
				D2485442201D792C00DFDB70 /* yowassupUITests.swift in Sources */,
			);
			runOnlyForDeploymentPostprocessing = 0;
		};
/* End PBXSourcesBuildPhase section */

/* Begin PBXTargetDependency section */
		D2485434201D792C00DFDB70 /* PBXTargetDependency */ = {
			isa = PBXTargetDependency;
			target = D248541D201D792C00DFDB70 /* yowassup */;
			targetProxy = D2485433201D792C00DFDB70 /* PBXContainerItemProxy */;
		};
		D248543F201D792C00DFDB70 /* PBXTargetDependency */ = {
			isa = PBXTargetDependency;
			target = D248541D201D792C00DFDB70 /* yowassup */;
			targetProxy = D248543E201D792C00DFDB70 /* PBXContainerItemProxy */;
		};
/* End PBXTargetDependency section */

/* Begin PBXVariantGroup section */
		D2485425201D792C00DFDB70 /* Main.storyboard */ = {
			isa = PBXVariantGroup;
			children = (
				D2485426201D792C00DFDB70 /* Base */,
			);
			name = Main.storyboard;
			sourceTree = "<group>";
		};
		D248542A201D792C00DFDB70 /* LaunchScreen.storyboard */ = {
			isa = PBXVariantGroup;
			children = (
				D248542B201D792C00DFDB70 /* Base */,
			);
			name = LaunchScreen.storyboard;
			sourceTree = "<group>";
		};
/* End PBXVariantGroup section */

/* Begin XCBuildConfiguration section */
		D2485444201D792C00DFDB70 /* Debug */ = {
			isa = XCBuildConfiguration;
			buildSettings = {
				ALWAYS_SEARCH_USER_PATHS = NO;
				CLANG_ANALYZER_NONNULL = YES;
				CLANG_ANALYZER_NUMBER_OBJECT_CONVERSION = YES_AGGRESSIVE;
				CLANG_CXX_LANGUAGE_STANDARD = "gnu++14";
				CLANG_CXX_LIBRARY = "libc++";
				CLANG_ENABLE_MODULES = YES;
				CLANG_ENABLE_OBJC_ARC = YES;
				CLANG_WARN_BLOCK_CAPTURE_AUTORELEASING = YES;
				CLANG_WARN_BOOL_CONVERSION = YES;
				CLANG_WARN_COMMA = YES;
				CLANG_WARN_CONSTANT_CONVERSION = YES;
				CLANG_WARN_DIRECT_OBJC_ISA_USAGE = YES_ERROR;
				CLANG_WARN_DOCUMENTATION_COMMENTS = YES;
				CLANG_WARN_EMPTY_BODY = YES;
				CLANG_WARN_ENUM_CONVERSION = YES;
				CLANG_WARN_INFINITE_RECURSION = YES;
				CLANG_WARN_INT_CONVERSION = YES;
				CLANG_WARN_NON_LITERAL_NULL_CONVERSION = YES;
				CLANG_WARN_OBJC_LITERAL_CONVERSION = YES;
				CLANG_WARN_OBJC_ROOT_CLASS = YES_ERROR;
				CLANG_WARN_RANGE_LOOP_ANALYSIS = YES;
				CLANG_WARN_STRICT_PROTOTYPES = YES;
				CLANG_WARN_SUSPICIOUS_MOVE = YES;
				CLANG_WARN_UNGUARDED_AVAILABILITY = YES_AGGRESSIVE;
				CLANG_WARN_UNREACHABLE_CODE = YES;
				CLANG_WARN__DUPLICATE_METHOD_MATCH = YES;
				CODE_SIGN_IDENTITY = "iPhone Developer";
				COPY_PHASE_STRIP = NO;
				DEBUG_INFORMATION_FORMAT = dwarf;
				ENABLE_STRICT_OBJC_MSGSEND = YES;
				ENABLE_TESTABILITY = YES;
				GCC_C_LANGUAGE_STANDARD = gnu11;
				GCC_DYNAMIC_NO_PIC = NO;
				GCC_NO_COMMON_BLOCKS = YES;
				GCC_OPTIMIZATION_LEVEL = 0;
				GCC_PREPROCESSOR_DEFINITIONS = (
					"DEBUG=1",
					"$(inherited)",
				);
				GCC_WARN_64_TO_32_BIT_CONVERSION = YES;
				GCC_WARN_ABOUT_RETURN_TYPE = YES_ERROR;
				GCC_WARN_UNDECLARED_SELECTOR = YES;
				GCC_WARN_UNINITIALIZED_AUTOS = YES_AGGRESSIVE;
				GCC_WARN_UNUSED_FUNCTION = YES;
				GCC_WARN_UNUSED_VARIABLE = YES;
				IPHONEOS_DEPLOYMENT_TARGET = 11.2;
				MTL_ENABLE_DEBUG_INFO = YES;
				ONLY_ACTIVE_ARCH = YES;
				SDKROOT = iphoneos;
				SWIFT_ACTIVE_COMPILATION_CONDITIONS = DEBUG;
				SWIFT_OPTIMIZATION_LEVEL = "-Onone";
			};
			name = Debug;
		};
		D2485445201D792C00DFDB70 /* Release */ = {
			isa = XCBuildConfiguration;
			buildSettings = {
				ALWAYS_SEARCH_USER_PATHS = NO;
				CLANG_ANALYZER_NONNULL = YES;
				CLANG_ANALYZER_NUMBER_OBJECT_CONVERSION = YES_AGGRESSIVE;
				CLANG_CXX_LANGUAGE_STANDARD = "gnu++14";
				CLANG_CXX_LIBRARY = "libc++";
				CLANG_ENABLE_MODULES = YES;
				CLANG_ENABLE_OBJC_ARC = YES;
				CLANG_WARN_BLOCK_CAPTURE_AUTORELEASING = YES;
				CLANG_WARN_BOOL_CONVERSION = YES;
				CLANG_WARN_COMMA = YES;
				CLANG_WARN_CONSTANT_CONVERSION = YES;
				CLANG_WARN_DIRECT_OBJC_ISA_USAGE = YES_ERROR;
				CLANG_WARN_DOCUMENTATION_COMMENTS = YES;
				CLANG_WARN_EMPTY_BODY = YES;
				CLANG_WARN_ENUM_CONVERSION = YES;
				CLANG_WARN_INFINITE_RECURSION = YES;
				CLANG_WARN_INT_CONVERSION = YES;
				CLANG_WARN_NON_LITERAL_NULL_CONVERSION = YES;
				CLANG_WARN_OBJC_LITERAL_CONVERSION = YES;
				CLANG_WARN_OBJC_ROOT_CLASS = YES_ERROR;
				CLANG_WARN_RANGE_LOOP_ANALYSIS = YES;
				CLANG_WARN_STRICT_PROTOTYPES = YES;
				CLANG_WARN_SUSPICIOUS_MOVE = YES;
				CLANG_WARN_UNGUARDED_AVAILABILITY = YES_AGGRESSIVE;
				CLANG_WARN_UNREACHABLE_CODE = YES;
				CLANG_WARN__DUPLICATE_METHOD_MATCH = YES;
				CODE_SIGN_IDENTITY = "iPhone Developer";
				COPY_PHASE_STRIP = NO;
				DEBUG_INFORMATION_FORMAT = "dwarf-with-dsym";
				ENABLE_NS_ASSERTIONS = NO;
				ENABLE_STRICT_OBJC_MSGSEND = YES;
				GCC_C_LANGUAGE_STANDARD = gnu11;
				GCC_NO_COMMON_BLOCKS = YES;
				GCC_WARN_64_TO_32_BIT_CONVERSION = YES;
				GCC_WARN_ABOUT_RETURN_TYPE = YES_ERROR;
				GCC_WARN_UNDECLARED_SELECTOR = YES;
				GCC_WARN_UNINITIALIZED_AUTOS = YES_AGGRESSIVE;
				GCC_WARN_UNUSED_FUNCTION = YES;
				GCC_WARN_UNUSED_VARIABLE = YES;
				IPHONEOS_DEPLOYMENT_TARGET = 11.2;
				MTL_ENABLE_DEBUG_INFO = NO;
				SDKROOT = iphoneos;
				SWIFT_OPTIMIZATION_LEVEL = "-Owholemodule";
				VALIDATE_PRODUCT = YES;
			};
			name = Release;
		};
		D2485447201D792C00DFDB70 /* Debug */ = {
			isa = XCBuildConfiguration;
			buildSettings = {
				ASSETCATALOG_COMPILER_APPICON_NAME = AppIcon;
				CODE_SIGN_STYLE = Automatic;
				DEVELOPMENT_TEAM = 2YL6E8XBXR;
				INFOPLIST_FILE = yowassup/Info.plist;
				LD_RUNPATH_SEARCH_PATHS = "$(inherited) @executable_path/Frameworks";
				PRODUCT_BUNDLE_IDENTIFIER = me.matthacks.yowassup;
				PRODUCT_NAME = "$(TARGET_NAME)";
				SWIFT_VERSION = 4.0;
				TARGETED_DEVICE_FAMILY = "1,2";
			};
			name = Debug;
		};
		D2485448201D792C00DFDB70 /* Release */ = {
			isa = XCBuildConfiguration;
			buildSettings = {
				ASSETCATALOG_COMPILER_APPICON_NAME = AppIcon;
				CODE_SIGN_STYLE = Automatic;
				DEVELOPMENT_TEAM = 2YL6E8XBXR;
				INFOPLIST_FILE = yowassup/Info.plist;
				LD_RUNPATH_SEARCH_PATHS = "$(inherited) @executable_path/Frameworks";
				PRODUCT_BUNDLE_IDENTIFIER = me.matthacks.yowassup;
				PRODUCT_NAME = "$(TARGET_NAME)";
				SWIFT_VERSION = 4.0;
				TARGETED_DEVICE_FAMILY = "1,2";
			};
			name = Release;
		};
		D248544A201D792C00DFDB70 /* Debug */ = {
			isa = XCBuildConfiguration;
			buildSettings = {
				ALWAYS_EMBED_SWIFT_STANDARD_LIBRARIES = YES;
				BUNDLE_LOADER = "$(TEST_HOST)";
				CODE_SIGN_STYLE = Automatic;
				DEVELOPMENT_TEAM = 2YL6E8XBXR;
				INFOPLIST_FILE = yowassupTests/Info.plist;
				LD_RUNPATH_SEARCH_PATHS = "$(inherited) @executable_path/Frameworks @loader_path/Frameworks";
				PRODUCT_BUNDLE_IDENTIFIER = me.matthacks.yowassupTests;
				PRODUCT_NAME = "$(TARGET_NAME)";
				SWIFT_VERSION = 4.0;
				TARGETED_DEVICE_FAMILY = "1,2";
				TEST_HOST = "$(BUILT_PRODUCTS_DIR)/yowassup.app/yowassup";
			};
			name = Debug;
		};
		D248544B201D792C00DFDB70 /* Release */ = {
			isa = XCBuildConfiguration;
			buildSettings = {
				ALWAYS_EMBED_SWIFT_STANDARD_LIBRARIES = YES;
				BUNDLE_LOADER = "$(TEST_HOST)";
				CODE_SIGN_STYLE = Automatic;
				DEVELOPMENT_TEAM = 2YL6E8XBXR;
				INFOPLIST_FILE = yowassupTests/Info.plist;
				LD_RUNPATH_SEARCH_PATHS = "$(inherited) @executable_path/Frameworks @loader_path/Frameworks";
				PRODUCT_BUNDLE_IDENTIFIER = me.matthacks.yowassupTests;
				PRODUCT_NAME = "$(TARGET_NAME)";
				SWIFT_VERSION = 4.0;
				TARGETED_DEVICE_FAMILY = "1,2";
				TEST_HOST = "$(BUILT_PRODUCTS_DIR)/yowassup.app/yowassup";
			};
			name = Release;
		};
		D248544D201D792C00DFDB70 /* Debug */ = {
			isa = XCBuildConfiguration;
			buildSettings = {
				ALWAYS_EMBED_SWIFT_STANDARD_LIBRARIES = YES;
				CODE_SIGN_STYLE = Automatic;
				DEVELOPMENT_TEAM = 2YL6E8XBXR;
				INFOPLIST_FILE = yowassupUITests/Info.plist;
				LD_RUNPATH_SEARCH_PATHS = "$(inherited) @executable_path/Frameworks @loader_path/Frameworks";
				PRODUCT_BUNDLE_IDENTIFIER = me.matthacks.yowassupUITests;
				PRODUCT_NAME = "$(TARGET_NAME)";
				SWIFT_VERSION = 4.0;
				TARGETED_DEVICE_FAMILY = "1,2";
				TEST_TARGET_NAME = yowassup;
			};
			name = Debug;
		};
		D248544E201D792C00DFDB70 /* Release */ = {
			isa = XCBuildConfiguration;
			buildSettings = {
				ALWAYS_EMBED_SWIFT_STANDARD_LIBRARIES = YES;
				CODE_SIGN_STYLE = Automatic;
				DEVELOPMENT_TEAM = 2YL6E8XBXR;
				INFOPLIST_FILE = yowassupUITests/Info.plist;
				LD_RUNPATH_SEARCH_PATHS = "$(inherited) @executable_path/Frameworks @loader_path/Frameworks";
				PRODUCT_BUNDLE_IDENTIFIER = me.matthacks.yowassupUITests;
				PRODUCT_NAME = "$(TARGET_NAME)";
				SWIFT_VERSION = 4.0;
				TARGETED_DEVICE_FAMILY = "1,2";
				TEST_TARGET_NAME = yowassup;
			};
			name = Release;
		};
/* End XCBuildConfiguration section */

/* Begin XCConfigurationList section */
		D2485419201D792C00DFDB70 /* Build configuration list for PBXProject "yowassup" */ = {
			isa = XCConfigurationList;
			buildConfigurations = (
				D2485444201D792C00DFDB70 /* Debug */,
				D2485445201D792C00DFDB70 /* Release */,
			);
			defaultConfigurationIsVisible = 0;
			defaultConfigurationName = Release;
		};
		D2485446201D792C00DFDB70 /* Build configuration list for PBXNativeTarget "yowassup" */ = {
			isa = XCConfigurationList;
			buildConfigurations = (
				D2485447201D792C00DFDB70 /* Debug */,
				D2485448201D792C00DFDB70 /* Release */,
			);
			defaultConfigurationIsVisible = 0;
			defaultConfigurationName = Release;
		};
		D2485449201D792C00DFDB70 /* Build configuration list for PBXNativeTarget "yowassupTests" */ = {
			isa = XCConfigurationList;
			buildConfigurations = (
				D248544A201D792C00DFDB70 /* Debug */,
				D248544B201D792C00DFDB70 /* Release */,
			);
			defaultConfigurationIsVisible = 0;
			defaultConfigurationName = Release;
		};
		D248544C201D792C00DFDB70 /* Build configuration list for PBXNativeTarget "yowassupUITests" */ = {
			isa = XCConfigurationList;
			buildConfigurations = (
				D248544D201D792C00DFDB70 /* Debug */,
				D248544E201D792C00DFDB70 /* Release */,
			);
			defaultConfigurationIsVisible = 0;
			defaultConfigurationName = Release;
		};
/* End XCConfigurationList section */
	};
	rootObject = D2485416201D792C00DFDB70 /* Project object */;
}
